{
  "lockfile_version": "1",
  "packages": {
    "github:NixOS/nixpkgs/nixpkgs-unstable": {
      "last_modified": "2026-04-07T16:32:49Z",
      "resolved": "github:NixOS/nixpkgs/dfd9566f82a6e1d55c30f861879186440614696e?lastModified=1775579569"
    },
    "nodejs@20": {
      "last_modified": "2026-03-27T11:17:38Z",
      "plugin_version": "0.0.2",
      "resolved": "github:NixOS/nixpkgs/832efc09b4caf6b4569fbf9dc01bec3082a00611#nodejs_20",
      "source": "devbox-search",
      "version": "20.20.2",
      "systems": {
        "aarch64-darwin": {
          "outputs": [
            {
              "name": "out",
              "path": "/nix/store/vamh3ysrfc0qz2mdhh6klyi5ngaffl0q-nodejs-20.20.2",
              "default": true
            }
          ],
          "store_path": "/nix/store/vamh3ysrfc0qz2mdhh6klyi5ngaffl0q-nodejs-20.20.2"
        },
        "aarch64-linux": {
          "outputs": [
            {
              "name": "out",
              "path": "/nix/store/b1i1izsybrhzifbrr84nbmw62fl07ia2-nodejs-20.20.2",
              "default": true
            }
          ],
          "store_path": "/nix/store/b1i1izsybrhzifbrr84nbmw62fl07ia2-nodejs-20.20.2"
        },
        "x86_64-darwin": {
          "outputs": [
            {
              "name": "out",
              "path": "/nix/store/yg5qivw8g8gxpc536kwc0fg73nviiv9l-nodejs-20.20.2",
              "default": true
            }
          ],
          "store_path": "/nix/store/yg5qivw8g8gxpc536kwc0fg73nviiv9l-nodejs-20.20.2"
        },
        "x86_64-linux": {
          "outputs": [
            {
              "name": "out",
              "path": "/nix/store/1gw2r0h59vr5dzcilhg1xvzjqgn84f8b-nodejs-20.20.2",
              "default": true
            }
          ],
          "store_path": "/nix/store/1gw2r0h59vr5dzcilhg1xvzjqgn84f8b-nodejs-20.20.2"
        }
      }
    }
  }
}
